
Microsoft Visual Studio Solution File, Format Version 12.00
# Visual Studio 14
VisualStudioVersion = 14.0.25123.0
MinimumVisualStudioVersion = 10.0.40219.1
Project("{FAE04EC0-301F-11D3-BF4B-00C04F79EFBC}") = "RFtennisTeam", "RFtennisTeam\RFtennisTeam.csproj", "{CE0B97A4-6170-4039-8841-61FAFCA4FB32}"
EndProject
Project("{FAE04EC0-301F-11D3-BF4B-00C04F79EFBC}") = "RFtennisTeam.Tests", "RFtennisTeam.Tests\RFtennisTeam.Tests.csproj", "{6B068E01-8727-448B-9759-276A621E02B4}"
EndProject
Global
	GlobalSection(SolutionConfigurationPlatforms) = preSolution
		Debug|Any CPU = Debug|Any CPU
		Release|Any CPU = Release|Any CPU
	EndGlobalSection
	GlobalSection(ProjectConfigurationPlatforms) = postSolution
		{CE0B97A4-6170-4039-8841-61FAFCA4FB32}.Debug|Any CPU.ActiveCfg = Debug|Any CPU
		{CE0B97A4-6170-4039-8841-61FAFCA4FB32}.Debug|Any CPU.Build.0 = Debug|Any CPU
		{CE0B97A4-6170-4039-8841-61FAFCA4FB32}.Release|Any CPU.ActiveCfg = Release|Any CPU
		{CE0B97A4-6170-4039-8841-61FAFCA4FB32}.Release|Any CPU.Build.0 = Release|Any CPU
		{6B068E01-8727-448B-9759-276A621E02B4}.Debug|Any CPU.ActiveCfg = Debug|Any CPU
		{6B068E01-8727-448B-9759-276A621E02B4}.Debug|Any CPU.Build.0 = Debug|Any CPU
		{6B068E01-8727-448B-9759-276A621E02B4}.Release|Any CPU.ActiveCfg = Release|Any CPU
		{6B068E01-8727-448B-9759-276A621E02B4}.Release|Any CPU.Build.0 = Release|Any CPU
	EndGlobalSection
	GlobalSection(SolutionProperties) = preSolution
		HideSolutionNode = FALSE
	EndGlobalSection
EndGlobal
